
Microsoft Visual Studio Solution File, Format Version 12.00
Project("{2150E333-8FDC-42A3-9474-1A3956D46DE8}") = "CashMachine", "CashMachine", "{0CFACC24-F4A7-4C78-888E-860B5A5B64F3}"
EndProject
Project("{2150E333-8FDC-42A3-9474-1A3956D46DE8}") = "Infrastructure", "Infrastructure", "{F44FF677-A4D0-43AD-965D-8EB62B0B636B}"
EndProject
Project("{2150E333-8FDC-42A3-9474-1A3956D46DE8}") = "Application", "Application", "{2F4F0B76-2131-4929-9845-DD42BA9514AE}"
EndProject
Project("{FAE04EC0-301F-11D3-BF4B-00C04F79EFBC}") = "Application.Abstractions", "Application.Abstractions\Application.Abstractions.csproj", "{6F775B12-784A-446F-97FA-AF36B608C78D}"
EndProject
Project("{FAE04EC0-301F-11D3-BF4B-00C04F79EFBC}") = "Application.Application", "Application.Application\Application.Application.csproj", "{B18D2986-097F-466A-9987-56AF95520B56}"
EndProject
Project("{FAE04EC0-301F-11D3-BF4B-00C04F79EFBC}") = "Models", "Models\Models.csproj", "{C1D82249-C8CD-4AE0-9933-480840EBEE27}"
EndProject
Project("{FAE04EC0-301F-11D3-BF4B-00C04F79EFBC}") = "Application.Contracts", "Application.Contracts\Application.Contracts.csproj", "{1423B046-6415-4E6E-AC43-869AEAB1A34C}"
EndProject
Project("{FAE04EC0-301F-11D3-BF4B-00C04F79EFBC}") = "DataAccess", "DataAccess\DataAccess.csproj", "{F6EF242B-F260-47DB-B9FF-9F801B284CDE}"
EndProject
Project("{2150E333-8FDC-42A3-9474-1A3956D46DE8}") = "Presentation", "Presentation", "{F933142A-3D71-4B71-A10B-19F4C6EC3910}"
EndProject
Project("{FAE04EC0-301F-11D3-BF4B-00C04F79EFBC}") = "ConsolePresentation", "ConsolePresentation\ConsolePresentation.csproj", "{37E6BD89-96F3-4821-BAC5-1FF1F3E9EFF4}"
EndProject
Project("{FAE04EC0-301F-11D3-BF4B-00C04F79EFBC}") = "MainProject", "MainProject\MainProject.csproj", "{0BDC58EF-8A1C-4A3C-85A0-74D92D7DC3CF}"
EndProject
Global
	GlobalSection(SolutionConfigurationPlatforms) = preSolution
		Debug|Any CPU = Debug|Any CPU
		Release|Any CPU = Release|Any CPU
	EndGlobalSection
	GlobalSection(ProjectConfigurationPlatforms) = postSolution
		{6F775B12-784A-446F-97FA-AF36B608C78D}.Debug|Any CPU.ActiveCfg = Debug|Any CPU
		{6F775B12-784A-446F-97FA-AF36B608C78D}.Debug|Any CPU.Build.0 = Debug|Any CPU
		{6F775B12-784A-446F-97FA-AF36B608C78D}.Release|Any CPU.ActiveCfg = Release|Any CPU
		{6F775B12-784A-446F-97FA-AF36B608C78D}.Release|Any CPU.Build.0 = Release|Any CPU
		{B18D2986-097F-466A-9987-56AF95520B56}.Debug|Any CPU.ActiveCfg = Debug|Any CPU
		{B18D2986-097F-466A-9987-56AF95520B56}.Debug|Any CPU.Build.0 = Debug|Any CPU
		{B18D2986-097F-466A-9987-56AF95520B56}.Release|Any CPU.ActiveCfg = Release|Any CPU
		{B18D2986-097F-466A-9987-56AF95520B56}.Release|Any CPU.Build.0 = Release|Any CPU
		{C1D82249-C8CD-4AE0-9933-480840EBEE27}.Debug|Any CPU.ActiveCfg = Debug|Any CPU
		{C1D82249-C8CD-4AE0-9933-480840EBEE27}.Debug|Any CPU.Build.0 = Debug|Any CPU
		{C1D82249-C8CD-4AE0-9933-480840EBEE27}.Release|Any CPU.ActiveCfg = Release|Any CPU
		{C1D82249-C8CD-4AE0-9933-480840EBEE27}.Release|Any CPU.Build.0 = Release|Any CPU
		{1423B046-6415-4E6E-AC43-869AEAB1A34C}.Debug|Any CPU.ActiveCfg = Debug|Any CPU
		{1423B046-6415-4E6E-AC43-869AEAB1A34C}.Debug|Any CPU.Build.0 = Debug|Any CPU
		{1423B046-6415-4E6E-AC43-869AEAB1A34C}.Release|Any CPU.ActiveCfg = Release|Any CPU
		{1423B046-6415-4E6E-AC43-869AEAB1A34C}.Release|Any CPU.Build.0 = Release|Any CPU
		{F6EF242B-F260-47DB-B9FF-9F801B284CDE}.Debug|Any CPU.ActiveCfg = Debug|Any CPU
		{F6EF242B-F260-47DB-B9FF-9F801B284CDE}.Debug|Any CPU.Build.0 = Debug|Any CPU
		{F6EF242B-F260-47DB-B9FF-9F801B284CDE}.Release|Any CPU.ActiveCfg = Release|Any CPU
		{F6EF242B-F260-47DB-B9FF-9F801B284CDE}.Release|Any CPU.Build.0 = Release|Any CPU
		{37E6BD89-96F3-4821-BAC5-1FF1F3E9EFF4}.Debug|Any CPU.ActiveCfg = Debug|Any CPU
		{37E6BD89-96F3-4821-BAC5-1FF1F3E9EFF4}.Debug|Any CPU.Build.0 = Debug|Any CPU
		{37E6BD89-96F3-4821-BAC5-1FF1F3E9EFF4}.Release|Any CPU.ActiveCfg = Release|Any CPU
		{37E6BD89-96F3-4821-BAC5-1FF1F3E9EFF4}.Release|Any CPU.Build.0 = Release|Any CPU
		{0BDC58EF-8A1C-4A3C-85A0-74D92D7DC3CF}.Debug|Any CPU.ActiveCfg = Debug|Any CPU
		{0BDC58EF-8A1C-4A3C-85A0-74D92D7DC3CF}.Debug|Any CPU.Build.0 = Debug|Any CPU
		{0BDC58EF-8A1C-4A3C-85A0-74D92D7DC3CF}.Release|Any CPU.ActiveCfg = Release|Any CPU
		{0BDC58EF-8A1C-4A3C-85A0-74D92D7DC3CF}.Release|Any CPU.Build.0 = Release|Any CPU
	EndGlobalSection
	GlobalSection(NestedProjects) = preSolution
		{F44FF677-A4D0-43AD-965D-8EB62B0B636B} = {0CFACC24-F4A7-4C78-888E-860B5A5B64F3}
		{2F4F0B76-2131-4929-9845-DD42BA9514AE} = {0CFACC24-F4A7-4C78-888E-860B5A5B64F3}
		{6F775B12-784A-446F-97FA-AF36B608C78D} = {2F4F0B76-2131-4929-9845-DD42BA9514AE}
		{B18D2986-097F-466A-9987-56AF95520B56} = {2F4F0B76-2131-4929-9845-DD42BA9514AE}
		{C1D82249-C8CD-4AE0-9933-480840EBEE27} = {2F4F0B76-2131-4929-9845-DD42BA9514AE}
		{1423B046-6415-4E6E-AC43-869AEAB1A34C} = {2F4F0B76-2131-4929-9845-DD42BA9514AE}
		{F6EF242B-F260-47DB-B9FF-9F801B284CDE} = {F44FF677-A4D0-43AD-965D-8EB62B0B636B}
		{F933142A-3D71-4B71-A10B-19F4C6EC3910} = {0CFACC24-F4A7-4C78-888E-860B5A5B64F3}
		{37E6BD89-96F3-4821-BAC5-1FF1F3E9EFF4} = {F933142A-3D71-4B71-A10B-19F4C6EC3910}
		{0BDC58EF-8A1C-4A3C-85A0-74D92D7DC3CF} = {0CFACC24-F4A7-4C78-888E-860B5A5B64F3}
	EndGlobalSection
EndGlobal
